# THIS IS AN AUTOGENERATED FILE. DO NOT EDIT THIS FILE DIRECTLY.
# yarn lockfile v1


"@types/node@^10.1.2":
  version "10.12.2"
  resolved "https://registry.yarnpkg.com/@types/node/-/node-10.12.2.tgz#d77f9faa027cadad9c912cd47f4f8b07b0fb0864"
  integrity sha512-53ElVDSnZeFUUFIYzI8WLQ25IhWzb6vbddNp8UHlXQyU0ET2RhV5zg0NfubzU7iNMh5bBXb0htCzfvrSVNgzaQ==

debug@^4.0.1:
  version "4.1.0"
  resolved "https://registry.yarnpkg.com/debug/-/debug-4.1.0.tgz#373687bffa678b38b1cd91f861b63850035ddc87"
  integrity sha512-heNPJUJIqC+xB6ayLAMHaIrmN9HKa7aQO8MGqKpvCA+uJYVcvR6l5kgdrhRuwPFHU7P5/A1w0BjByPHwpfTDKg==
  dependencies:
    ms "^2.1.1"

ms@^2.1.1:
  version "2.1.1"
  resolved "https://registry.yarnpkg.com/ms/-/ms-2.1.1.tgz#30a5864eb3ebb0a66f2ebe6d727af06a09d86e0a"
  integrity sha512-tgp+dl5cGk28utYktBsrFqA7HKgrhgPsg6Z/EfhWI4gl1Hwq8B/GmY/0oXZ6nF8hDVesS/FpnYaD/kOWhYQvyg==

node-fetch@^2.2.0:
  version "2.2.1"
  resolved "https://registry.yarnpkg.com/node-fetch/-/node-fetch-2.2.1.tgz#1fe551e0ded6c45b3b3b937d0fb46f76df718d1e"
  integrity sha512-ObXBpNCD3A/vYQiQtEWl7DuqjAXjfptYFuGHLdPl5U19/6kJuZV+8uMHLrkj3wJrJoyfg4nhgyFixZdaZoAiEQ==

sandwich-stream@^2.0.1:
  version "2.0.2"
  resolved "https://registry.yarnpkg.com/sandwich-stream/-/sandwich-stream-2.0.2.tgz#6d1feb6cf7e9fe9fadb41513459a72c2e84000fa"
  integrity sha512-jLYV0DORrzY3xaz/S9ydJL6Iz7essZeAfnAavsJ+zsJGZ1MOnsS52yRjU3uF3pJa/lla7+wisp//fxOwOH8SKQ==

telegraf@^3.25.0:
  version "3.25.0"
  resolved "https://registry.yarnpkg.com/telegraf/-/telegraf-3.25.0.tgz#f08e463584803c36462e22668ad1e1f362f1f253"
  integrity sha512-W2L/9LIOndtzqgEnJPlDJS8Q/gwoRS/a7FvoV9kPhKwRWtJtiP8xhkr66GMbOhnB0RgSK6GMrgeZtXNzLn/bQg==
  dependencies:
    "@types/node" "^10.1.2"
    debug "^4.0.1"
    node-fetch "^2.2.0"
    sandwich-stream "^2.0.1"
    telegram-typings "^3.6.0"

telegram-typings@^3.6.0:
  version "3.6.1"
  resolved "https://registry.yarnpkg.com/telegram-typings/-/telegram-typings-3.6.1.tgz#1288d547f8694b61f1c01c2993e295f3114d9e25"
  integrity sha512-njVv1EAhIZnmQVLocZEADYUyqA1WIXuVcDYlsp+mXua/XB0pxx+PKtMSPeZ/EE4wPWTw9h/hA9ASTT6yQelkiw==
